// !$*UTF8*$!
{
	archiveVersion = 1;
	classes = {
	};
	objectVersion = 51;
	objects = {

/* Begin PBXBuildFile section */
		4210B56B1D573E5E2E3BB0DB /* libPods-FirebaseImages.a in Frameworks */ = {isa = PBXBuildFile; fileRef = 2B28C26CE980BDE85AE27CC3 /* libPods-FirebaseImages.a */; };
		7437D53A23EF7BB300ACCF92 /* AppView.swift in Sources */ = {isa = PBXBuildFile; fileRef = 7437D53923EF7BB300ACCF92 /* AppView.swift */; };
		7437D53C23EF7CB100ACCF92 /* StoreView.swift in Sources */ = {isa = PBXBuildFile; fileRef = 7437D53B23EF7CB100ACCF92 /* StoreView.swift */; };
		743C596A23EB9C3D0073D9A5 /* SavedPlaceView.swift in Sources */ = {isa = PBXBuildFile; fileRef = 743C596923EB9C3D0073D9A5 /* SavedPlaceView.swift */; };
		743C596C23EBABD50073D9A5 /* MapView.swift in Sources */ = {isa = PBXBuildFile; fileRef = 743C596B23EBABD50073D9A5 /* MapView.swift */; };
		7444224B23EA56F500EE65B9 /* FirebaseImage.swift in Sources */ = {isa = PBXBuildFile; fileRef = 7444224A23EA56F500EE65B9 /* FirebaseImage.swift */; };
		7444439323F0179C005A8073 /* LocationManager.swift in Sources */ = {isa = PBXBuildFile; fileRef = 7444439223F0179C005A8073 /* LocationManager.swift */; };
		7444439B23F032CC005A8073 /* StoreView+handlers.swift in Sources */ = {isa = PBXBuildFile; fileRef = 7444439A23F032CC005A8073 /* StoreView+handlers.swift */; };
		7444439F23F036B7005A8073 /* Coordinator.swift in Sources */ = {isa = PBXBuildFile; fileRef = 7444439E23F036B7005A8073 /* Coordinator.swift */; };
		7464CC3C23E828F2001A6C72 /* AppDelegate.swift in Sources */ = {isa = PBXBuildFile; fileRef = 7464CC3B23E828F2001A6C72 /* AppDelegate.swift */; };
		7464CC3E23E828F2001A6C72 /* SceneDelegate.swift in Sources */ = {isa = PBXBuildFile; fileRef = 7464CC3D23E828F2001A6C72 /* SceneDelegate.swift */; };
		7464CC4023E828F2001A6C72 /* ContentView.swift in Sources */ = {isa = PBXBuildFile; fileRef = 7464CC3F23E828F2001A6C72 /* ContentView.swift */; };
		7464CC4223E828F4001A6C72 /* Assets.xcassets in Resources */ = {isa = PBXBuildFile; fileRef = 7464CC4123E828F4001A6C72 /* Assets.xcassets */; };
		7464CC4523E828F4001A6C72 /* Preview Assets.xcassets in Resources */ = {isa = PBXBuildFile; fileRef = 7464CC4423E828F4001A6C72 /* Preview Assets.xcassets */; };
		7464CC4823E828F4001A6C72 /* LaunchScreen.storyboard in Resources */ = {isa = PBXBuildFile; fileRef = 7464CC4623E828F4001A6C72 /* LaunchScreen.storyboard */; };
		7464CC5323E828F4001A6C72 /* FirebaseImagesTests.swift in Sources */ = {isa = PBXBuildFile; fileRef = 7464CC5223E828F4001A6C72 /* FirebaseImagesTests.swift */; };
		7464CC5E23E828F4001A6C72 /* FirebaseImagesUITests.swift in Sources */ = {isa = PBXBuildFile; fileRef = 7464CC5D23E828F4001A6C72 /* FirebaseImagesUITests.swift */; };
		7464CC6C23E82ECA001A6C72 /* GoogleService-Info.plist in Resources */ = {isa = PBXBuildFile; fileRef = 7464CC6B23E82ECA001A6C72 /* GoogleService-Info.plist */; };
		7464CC7223E83B2B001A6C72 /* SessionStore.swift in Sources */ = {isa = PBXBuildFile; fileRef = 7464CC7123E83B2B001A6C72 /* SessionStore.swift */; };
		7464CC7623E83F0A001A6C72 /* SignInView.swift in Sources */ = {isa = PBXBuildFile; fileRef = 7464CC7523E83F0A001A6C72 /* SignInView.swift */; };
		74989FB423EAD4550067E60C /* SavedPlace.swift in Sources */ = {isa = PBXBuildFile; fileRef = 74989FB323EAD4550067E60C /* SavedPlace.swift */; };
		776A3169B954D38FCD3DE2F2 /* libPods-FirebaseImagesTests.a in Frameworks */ = {isa = PBXBuildFile; fileRef = 893490444679A7215F9B090A /* libPods-FirebaseImagesTests.a */; };
		C0BF4C5A24CE265E00855188 /* ListNearbyView.swift in Sources */ = {isa = PBXBuildFile; fileRef = C0BF4C5924CE265E00855188 /* ListNearbyView.swift */; };
		E348114D56B629E3B6F3B9F8 /* libPods-FirebaseImages-FirebaseImagesUITests.a in Frameworks */ = {isa = PBXBuildFile; fileRef = 616E8224411475F121506FD6 /* libPods-FirebaseImages-FirebaseImagesUITests.a */; };
/* End PBXBuildFile section */

/* Begin PBXContainerItemProxy section */
		7464CC4F23E828F4001A6C72 /* PBXContainerItemProxy */ = {
			isa = PBXContainerItemProxy;
			containerPortal = 7464CC3023E828F2001A6C72 /* Project object */;
			proxyType = 1;
			remoteGlobalIDString = 7464CC3723E828F2001A6C72;
			remoteInfo = FirebaseImages;
		};
		7464CC5A23E828F4001A6C72 /* PBXContainerItemProxy */ = {
			isa = PBXContainerItemProxy;
			containerPortal = 7464CC3023E828F2001A6C72 /* Project object */;
			proxyType = 1;
			remoteGlobalIDString = 7464CC3723E828F2001A6C72;
			remoteInfo = FirebaseImages;
		};
/* End PBXContainerItemProxy section */

/* Begin PBXFileReference section */
		2B28C26CE980BDE85AE27CC3 /* libPods-FirebaseImages.a */ = {isa = PBXFileReference; explicitFileType = archive.ar; includeInIndex = 0; path = "libPods-FirebaseImages.a"; sourceTree = BUILT_PRODUCTS_DIR; };
		34C3C44D7C265917D7AAF2C8 /* Pods-FirebaseImages.release.xcconfig */ = {isa = PBXFileReference; includeInIndex = 1; lastKnownFileType = text.xcconfig; name = "Pods-FirebaseImages.release.xcconfig"; path = "Target Support Files/Pods-FirebaseImages/Pods-FirebaseImages.release.xcconfig"; sourceTree = "<group>"; };
		370543421D978152C1AFE0C5 /* Pods-FirebaseImages-FirebaseImagesUITests.debug.xcconfig */ = {isa = PBXFileReference; includeInIndex = 1; lastKnownFileType = text.xcconfig; name = "Pods-FirebaseImages-FirebaseImagesUITests.debug.xcconfig"; path = "Target Support Files/Pods-FirebaseImages-FirebaseImagesUITests/Pods-FirebaseImages-FirebaseImagesUITests.debug.xcconfig"; sourceTree = "<group>"; };
		404C490A9573B4758AB505FC /* Pods-FirebaseImages.debug.xcconfig */ = {isa = PBXFileReference; includeInIndex = 1; lastKnownFileType = text.xcconfig; name = "Pods-FirebaseImages.debug.xcconfig"; path = "Target Support Files/Pods-FirebaseImages/Pods-FirebaseImages.debug.xcconfig"; sourceTree = "<group>"; };
		5B13B3EEC10EFA9CEA390E20 /* Pods-FirebaseImagesTests.debug.xcconfig */ = {isa = PBXFileReference; includeInIndex = 1; lastKnownFileType = text.xcconfig; name = "Pods-FirebaseImagesTests.debug.xcconfig"; path = "Target Support Files/Pods-FirebaseImagesTests/Pods-FirebaseImagesTests.debug.xcconfig"; sourceTree = "<group>"; };
		616E8224411475F121506FD6 /* libPods-FirebaseImages-FirebaseImagesUITests.a */ = {isa = PBXFileReference; explicitFileType = archive.ar; includeInIndex = 0; path = "libPods-FirebaseImages-FirebaseImagesUITests.a"; sourceTree = BUILT_PRODUCTS_DIR; };
		7437D53923EF7BB300ACCF92 /* AppView.swift */ = {isa = PBXFileReference; lastKnownFileType = sourcecode.swift; path = AppView.swift; sourceTree = "<group>"; };
		7437D53B23EF7CB100ACCF92 /* StoreView.swift */ = {isa = PBXFileReference; lastKnownFileType = sourcecode.swift; path = StoreView.swift; sourceTree = "<group>"; };
		743C596923EB9C3D0073D9A5 /* SavedPlaceView.swift */ = {isa = PBXFileReference; lastKnownFileType = sourcecode.swift; path = SavedPlaceView.swift; sourceTree = "<group>"; };
		743C596B23EBABD50073D9A5 /* MapView.swift */ = {isa = PBXFileReference; lastKnownFileType = sourcecode.swift; path = MapView.swift; sourceTree = "<group>"; };
		7444224A23EA56F500EE65B9 /* FirebaseImage.swift */ = {isa = PBXFileReference; lastKnownFileType = sourcecode.swift; path = FirebaseImage.swift; sourceTree = "<group>"; };
		7444439223F0179C005A8073 /* LocationManager.swift */ = {isa = PBXFileReference; lastKnownFileType = sourcecode.swift; path = LocationManager.swift; sourceTree = "<group>"; };
		7444439A23F032CC005A8073 /* StoreView+handlers.swift */ = {isa = PBXFileReference; lastKnownFileType = sourcecode.swift; path = "StoreView+handlers.swift"; sourceTree = "<group>"; };
		7444439E23F036B7005A8073 /* Coordinator.swift */ = {isa = PBXFileReference; lastKnownFileType = sourcecode.swift; path = Coordinator.swift; sourceTree = "<group>"; };
		7464CC3823E828F2001A6C72 /* MyLocation.app */ = {isa = PBXFileReference; explicitFileType = wrapper.application; includeInIndex = 0; path = MyLocation.app; sourceTree = BUILT_PRODUCTS_DIR; };
		7464CC3B23E828F2001A6C72 /* AppDelegate.swift */ = {isa = PBXFileReference; lastKnownFileType = sourcecode.swift; path = AppDelegate.swift; sourceTree = "<group>"; };
		7464CC3D23E828F2001A6C72 /* SceneDelegate.swift */ = {isa = PBXFileReference; lastKnownFileType = sourcecode.swift; path = SceneDelegate.swift; sourceTree = "<group>"; };
		7464CC3F23E828F2001A6C72 /* ContentView.swift */ = {isa = PBXFileReference; lastKnownFileType = sourcecode.swift; path = ContentView.swift; sourceTree = "<group>"; };
		7464CC4123E828F4001A6C72 /* Assets.xcassets */ = {isa = PBXFileReference; lastKnownFileType = folder.assetcatalog; path = Assets.xcassets; sourceTree = "<group>"; };
		7464CC4423E828F4001A6C72 /* Preview Assets.xcassets */ = {isa = PBXFileReference; lastKnownFileType = folder.assetcatalog; path = "Preview Assets.xcassets"; sourceTree = "<group>"; };
		7464CC4723E828F4001A6C72 /* Base */ = {isa = PBXFileReference; lastKnownFileType = file.storyboard; name = Base; path = Base.lproj/LaunchScreen.storyboard; sourceTree = "<group>"; };
		7464CC4923E828F4001A6C72 /* Info.plist */ = {isa = PBXFileReference; lastKnownFileType = text.plist.xml; path = Info.plist; sourceTree = "<group>"; };
		7464CC4E23E828F4001A6C72 /* FirebaseImagesTests.xctest */ = {isa = PBXFileReference; explicitFileType = wrapper.cfbundle; includeInIndex = 0; path = FirebaseImagesTests.xctest; sourceTree = BUILT_PRODUCTS_DIR; };
		7464CC5223E828F4001A6C72 /* FirebaseImagesTests.swift */ = {isa = PBXFileReference; lastKnownFileType = sourcecode.swift; path = FirebaseImagesTests.swift; sourceTree = "<group>"; };
		7464CC5423E828F4001A6C72 /* Info.plist */ = {isa = PBXFileReference; lastKnownFileType = text.plist.xml; path = Info.plist; sourceTree = "<group>"; };
		7464CC5923E828F4001A6C72 /* FirebaseImagesUITests.xctest */ = {isa = PBXFileReference; explicitFileType = wrapper.cfbundle; includeInIndex = 0; path = FirebaseImagesUITests.xctest; sourceTree = BUILT_PRODUCTS_DIR; };
		7464CC5D23E828F4001A6C72 /* FirebaseImagesUITests.swift */ = {isa = PBXFileReference; lastKnownFileType = sourcecode.swift; path = FirebaseImagesUITests.swift; sourceTree = "<group>"; };
		7464CC5F23E828F4001A6C72 /* Info.plist */ = {isa = PBXFileReference; lastKnownFileType = text.plist.xml; path = Info.plist; sourceTree = "<group>"; };
		7464CC6B23E82ECA001A6C72 /* GoogleService-Info.plist */ = {isa = PBXFileReference; lastKnownFileType = text.plist; path = "GoogleService-Info.plist"; sourceTree = SOURCE_ROOT; };
		7464CC7123E83B2B001A6C72 /* SessionStore.swift */ = {isa = PBXFileReference; lastKnownFileType = sourcecode.swift; path = SessionStore.swift; sourceTree = "<group>"; };
		7464CC7523E83F0A001A6C72 /* SignInView.swift */ = {isa = PBXFileReference; lastKnownFileType = sourcecode.swift; path = SignInView.swift; sourceTree = "<group>"; };
		74989FB323EAD4550067E60C /* SavedPlace.swift */ = {isa = PBXFileReference; lastKnownFileType = sourcecode.swift; path = SavedPlace.swift; sourceTree = "<group>"; };
		893490444679A7215F9B090A /* libPods-FirebaseImagesTests.a */ = {isa = PBXFileReference; explicitFileType = archive.ar; includeInIndex = 0; path = "libPods-FirebaseImagesTests.a"; sourceTree = BUILT_PRODUCTS_DIR; };
		914DD7D818DF4A5F38AAC87E /* Pods-FirebaseImages-FirebaseImagesUITests.release.xcconfig */ = {isa = PBXFileReference; includeInIndex = 1; lastKnownFileType = text.xcconfig; name = "Pods-FirebaseImages-FirebaseImagesUITests.release.xcconfig"; path = "Target Support Files/Pods-FirebaseImages-FirebaseImagesUITests/Pods-FirebaseImages-FirebaseImagesUITests.release.xcconfig"; sourceTree = "<group>"; };
		9BE37F63A8A7975025CFAED6 /* Pods-FirebaseImagesTests.release.xcconfig */ = {isa = PBXFileReference; includeInIndex = 1; lastKnownFileType = text.xcconfig; name = "Pods-FirebaseImagesTests.release.xcconfig"; path = "Target Support Files/Pods-FirebaseImagesTests/Pods-FirebaseImagesTests.release.xcconfig"; sourceTree = "<group>"; };
		C0BF4C5924CE265E00855188 /* ListNearbyView.swift */ = {isa = PBXFileReference; lastKnownFileType = sourcecode.swift; path = ListNearbyView.swift; sourceTree = "<group>"; };
/* End PBXFileReference section */

/* Begin PBXFrameworksBuildPhase section */
		7464CC3523E828F2001A6C72 /* Frameworks */ = {
			isa = PBXFrameworksBuildPhase;
			buildActionMask = 2147483647;
			files = (
				4210B56B1D573E5E2E3BB0DB /* libPods-FirebaseImages.a in Frameworks */,
			);
			runOnlyForDeploymentPostprocessing = 0;
		};
		7464CC4B23E828F4001A6C72 /* Frameworks */ = {
			isa = PBXFrameworksBuildPhase;
			buildActionMask = 2147483647;
			files = (
				776A3169B954D38FCD3DE2F2 /* libPods-FirebaseImagesTests.a in Frameworks */,
			);
			runOnlyForDeploymentPostprocessing = 0;
		};
		7464CC5623E828F4001A6C72 /* Frameworks */ = {
			isa = PBXFrameworksBuildPhase;
			buildActionMask = 2147483647;
			files = (
				E348114D56B629E3B6F3B9F8 /* libPods-FirebaseImages-FirebaseImagesUITests.a in Frameworks */,
			);
			runOnlyForDeploymentPostprocessing = 0;
		};
/* End PBXFrameworksBuildPhase section */

/* Begin PBXGroup section */
		419550FD22E73FF07417777E /* Frameworks */ = {
			isa = PBXGroup;
			children = (
				2B28C26CE980BDE85AE27CC3 /* libPods-FirebaseImages.a */,
				616E8224411475F121506FD6 /* libPods-FirebaseImages-FirebaseImagesUITests.a */,
				893490444679A7215F9B090A /* libPods-FirebaseImagesTests.a */,
			);
			name = Frameworks;
			sourceTree = "<group>";
		};
		4EB3EBDA4839BD4F1828E6A3 /* Pods */ = {
			isa = PBXGroup;
			children = (
				404C490A9573B4758AB505FC /* Pods-FirebaseImages.debug.xcconfig */,
				34C3C44D7C265917D7AAF2C8 /* Pods-FirebaseImages.release.xcconfig */,
				370543421D978152C1AFE0C5 /* Pods-FirebaseImages-FirebaseImagesUITests.debug.xcconfig */,
				914DD7D818DF4A5F38AAC87E /* Pods-FirebaseImages-FirebaseImagesUITests.release.xcconfig */,
				5B13B3EEC10EFA9CEA390E20 /* Pods-FirebaseImagesTests.debug.xcconfig */,
				9BE37F63A8A7975025CFAED6 /* Pods-FirebaseImagesTests.release.xcconfig */,
			);
			path = Pods;
			sourceTree = "<group>";
		};
		7464CC2F23E828F2001A6C72 = {
			isa = PBXGroup;
			children = (
				7464CC3A23E828F2001A6C72 /* FirebaseImages */,
				7464CC5123E828F4001A6C72 /* FirebaseImagesTests */,
				7464CC5C23E828F4001A6C72 /* FirebaseImagesUITests */,
				7464CC3923E828F2001A6C72 /* Products */,
				4EB3EBDA4839BD4F1828E6A3 /* Pods */,
				419550FD22E73FF07417777E /* Frameworks */,
			);
			sourceTree = "<group>";
		};
		7464CC3923E828F2001A6C72 /* Products */ = {
			isa = PBXGroup;
			children = (
				7464CC3823E828F2001A6C72 /* MyLocation.app */,
				7464CC4E23E828F4001A6C72 /* FirebaseImagesTests.xctest */,
				7464CC5923E828F4001A6C72 /* FirebaseImagesUITests.xctest */,
			);
			name = Products;
			sourceTree = "<group>";
		};
		7464CC3A23E828F2001A6C72 /* FirebaseImages */ = {
			isa = PBXGroup;
			children = (
				7464CC3B23E828F2001A6C72 /* AppDelegate.swift */,
				743C596923EB9C3D0073D9A5 /* SavedPlaceView.swift */,
				C0BF4C5924CE265E00855188 /* ListNearbyView.swift */,
				7437D53923EF7BB300ACCF92 /* AppView.swift */,
				7437D53B23EF7CB100ACCF92 /* StoreView.swift */,
				7444439E23F036B7005A8073 /* Coordinator.swift */,
				7444439A23F032CC005A8073 /* StoreView+handlers.swift */,
				7444439223F0179C005A8073 /* LocationManager.swift */,
				743C596B23EBABD50073D9A5 /* MapView.swift */,
				74989FB323EAD4550067E60C /* SavedPlace.swift */,
				7444224A23EA56F500EE65B9 /* FirebaseImage.swift */,
				7464CC3D23E828F2001A6C72 /* SceneDelegate.swift */,
				7464CC7523E83F0A001A6C72 /* SignInView.swift */,
				7464CC3F23E828F2001A6C72 /* ContentView.swift */,
				7464CC7123E83B2B001A6C72 /* SessionStore.swift */,
				7464CC4123E828F4001A6C72 /* Assets.xcassets */,
				7464CC4623E828F4001A6C72 /* LaunchScreen.storyboard */,
				7464CC4923E828F4001A6C72 /* Info.plist */,
				7464CC6B23E82ECA001A6C72 /* GoogleService-Info.plist */,
				7464CC4323E828F4001A6C72 /* Preview Content */,
			);
			path = FirebaseImages;
			sourceTree = "<group>";
		};
		7464CC4323E828F4001A6C72 /* Preview Content */ = {
			isa = PBXGroup;
			children = (
				7464CC4423E828F4001A6C72 /* Preview Assets.xcassets */,
			);
			path = "Preview Content";
			sourceTree = "<group>";
		};
		7464CC5123E828F4001A6C72 /* FirebaseImagesTests */ = {
			isa = PBXGroup;
			children = (
				7464CC5223E828F4001A6C72 /* FirebaseImagesTests.swift */,
				7464CC5423E828F4001A6C72 /* Info.plist */,
			);
			path = FirebaseImagesTests;
			sourceTree = "<group>";
		};
		7464CC5C23E828F4001A6C72 /* FirebaseImagesUITests */ = {
			isa = PBXGroup;
			children = (
				7464CC5D23E828F4001A6C72 /* FirebaseImagesUITests.swift */,
				7464CC5F23E828F4001A6C72 /* Info.plist */,
			);
			path = FirebaseImagesUITests;
			sourceTree = "<group>";
		};
/* End PBXGroup section */

/* Begin PBXNativeTarget section */
		7464CC3723E828F2001A6C72 /* FirebaseImages */ = {
			isa = PBXNativeTarget;
			buildConfigurationList = 7464CC6223E828F4001A6C72 /* Build configuration list for PBXNativeTarget "FirebaseImages" */;
			buildPhases = (
				E6F096C6B246601FC3D312F0 /* [CP] Check Pods Manifest.lock */,
				7464CC3423E828F2001A6C72 /* Sources */,
				7464CC3523E828F2001A6C72 /* Frameworks */,
				7464CC3623E828F2001A6C72 /* Resources */,
				D40C53E70BE49FEBD058E814 /* [CP] Copy Pods Resources */,
			);
			buildRules = (
			);
			dependencies = (
			);
			name = FirebaseImages;
			productName = FirebaseImages;
			productReference = 7464CC3823E828F2001A6C72 /* MyLocation.app */;
			productType = "com.apple.product-type.application";
		};
		7464CC4D23E828F4001A6C72 /* FirebaseImagesTests */ = {
			isa = PBXNativeTarget;
			buildConfigurationList = 7464CC6523E828F4001A6C72 /* Build configuration list for PBXNativeTarget "FirebaseImagesTests" */;
			buildPhases = (
				E56FFA6C094CAB886C5A3A00 /* [CP] Check Pods Manifest.lock */,
				7464CC4A23E828F4001A6C72 /* Sources */,
				7464CC4B23E828F4001A6C72 /* Frameworks */,
				7464CC4C23E828F4001A6C72 /* Resources */,
			);
			buildRules = (
			);
			dependencies = (
				7464CC5023E828F4001A6C72 /* PBXTargetDependency */,
			);
			name = FirebaseImagesTests;
			productName = FirebaseImagesTests;
			productReference = 7464CC4E23E828F4001A6C72 /* FirebaseImagesTests.xctest */;
			productType = "com.apple.product-type.bundle.unit-test";
		};
		7464CC5823E828F4001A6C72 /* FirebaseImagesUITests */ = {
			isa = PBXNativeTarget;
			buildConfigurationList = 7464CC6823E828F4001A6C72 /* Build configuration list for PBXNativeTarget "FirebaseImagesUITests" */;
			buildPhases = (
				C6164BBBD6B3D976A0092A4B /* [CP] Check Pods Manifest.lock */,
				7464CC5523E828F4001A6C72 /* Sources */,
				7464CC5623E828F4001A6C72 /* Frameworks */,
				7464CC5723E828F4001A6C72 /* Resources */,
				4A4B09F8AF2EBC16AAED00C5 /* [CP] Copy Pods Resources */,
			);
			buildRules = (
			);
			dependencies = (
				7464CC5B23E828F4001A6C72 /* PBXTargetDependency */,
			);
			name = FirebaseImagesUITests;
			productName = FirebaseImagesUITests;
			productReference = 7464CC5923E828F4001A6C72 /* FirebaseImagesUITests.xctest */;
			productType = "com.apple.product-type.bundle.ui-testing";
		};
/* End PBXNativeTarget section */

/* Begin PBXProject section */
		7464CC3023E828F2001A6C72 /* Project object */ = {
			isa = PBXProject;
			attributes = {
				LastSwiftUpdateCheck = 1130;
				LastUpgradeCheck = 1130;
				ORGANIZATIONNAME = "Thow Min Cham";
				TargetAttributes = {
					7464CC3723E828F2001A6C72 = {
						CreatedOnToolsVersion = 11.3.1;
					};
					7464CC4D23E828F4001A6C72 = {
						CreatedOnToolsVersion = 11.3.1;
						TestTargetID = 7464CC3723E828F2001A6C72;
					};
					7464CC5823E828F4001A6C72 = {
						CreatedOnToolsVersion = 11.3.1;
						TestTargetID = 7464CC3723E828F2001A6C72;
					};
				};
			};
			buildConfigurationList = 7464CC3323E828F2001A6C72 /* Build configuration list for PBXProject "FirebaseImages" */;
			compatibilityVersion = "Xcode 9.3";
			developmentRegion = en;
			hasScannedForEncodings = 0;
			knownRegions = (
				en,
				Base,
			);
			mainGroup = 7464CC2F23E828F2001A6C72;
			productRefGroup = 7464CC3923E828F2001A6C72 /* Products */;
			projectDirPath = "";
			projectRoot = "";
			targets = (
				7464CC3723E828F2001A6C72 /* FirebaseImages */,
				7464CC4D23E828F4001A6C72 /* FirebaseImagesTests */,
				7464CC5823E828F4001A6C72 /* FirebaseImagesUITests */,
			);
		};
/* End PBXProject section */

/* Begin PBXResourcesBuildPhase section */
		7464CC3623E828F2001A6C72 /* Resources */ = {
			isa = PBXResourcesBuildPhase;
			buildActionMask = 2147483647;
			files = (
				7464CC4823E828F4001A6C72 /* LaunchScreen.storyboard in Resources */,
				7464CC6C23E82ECA001A6C72 /* GoogleService-Info.plist in Resources */,
				7464CC4523E828F4001A6C72 /* Preview Assets.xcassets in Resources */,
				7464CC4223E828F4001A6C72 /* Assets.xcassets in Resources */,
			);
			runOnlyForDeploymentPostprocessing = 0;
		};
		7464CC4C23E828F4001A6C72 /* Resources */ = {
			isa = PBXResourcesBuildPhase;
			buildActionMask = 2147483647;
			files = (
			);
			runOnlyForDeploymentPostprocessing = 0;
		};
		7464CC5723E828F4001A6C72 /* Resources */ = {
			isa = PBXResourcesBuildPhase;
			buildActionMask = 2147483647;
			files = (
			);
			runOnlyForDeploymentPostprocessing = 0;
		};
/* End PBXResourcesBuildPhase section */

/* Begin PBXShellScriptBuildPhase section */
		4A4B09F8AF2EBC16AAED00C5 /* [CP] Copy Pods Resources */ = {
			isa = PBXShellScriptBuildPhase;
			buildActionMask = 2147483647;
			files = (
			);
			inputFileListPaths = (
				"${PODS_ROOT}/Target Support Files/Pods-FirebaseImages-FirebaseImagesUITests/Pods-FirebaseImages-FirebaseImagesUITests-resources-${CONFIGURATION}-input-files.xcfilelist",
			);
			name = "[CP] Copy Pods Resources";
			outputFileListPaths = (
				"${PODS_ROOT}/Target Support Files/Pods-FirebaseImages-FirebaseImagesUITests/Pods-FirebaseImages-FirebaseImagesUITests-resources-${CONFIGURATION}-output-files.xcfilelist",
			);
			runOnlyForDeploymentPostprocessing = 0;
			shellPath = /bin/sh;
			shellScript = "\"${PODS_ROOT}/Target Support Files/Pods-FirebaseImages-FirebaseImagesUITests/Pods-FirebaseImages-FirebaseImagesUITests-resources.sh\"\n";
			showEnvVarsInLog = 0;
		};
		C6164BBBD6B3D976A0092A4B /* [CP] Check Pods Manifest.lock */ = {
			isa = PBXShellScriptBuildPhase;
			buildActionMask = 2147483647;
			files = (
			);
			inputFileListPaths = (
			);
			inputPaths = (
				"${PODS_PODFILE_DIR_PATH}/Podfile.lock",
				"${PODS_ROOT}/Manifest.lock",
			);
			name = "[CP] Check Pods Manifest.lock";
			outputFileListPaths = (
			);
			outputPaths = (
				"$(DERIVED_FILE_DIR)/Pods-FirebaseImages-FirebaseImagesUITests-checkManifestLockResult.txt",
			);
			runOnlyForDeploymentPostprocessing = 0;
			shellPath = /bin/sh;
			shellScript = "diff \"${PODS_PODFILE_DIR_PATH}/Podfile.lock\" \"${PODS_ROOT}/Manifest.lock\" > /dev/null\nif [ $? != 0 ] ; then\n    # print error to STDERR\n    echo \"error: The sandbox is not in sync with the Podfile.lock. Run 'pod install' or update your CocoaPods installation.\" >&2\n    exit 1\nfi\n# This output is used by Xcode 'outputs' to avoid re-running this script phase.\necho \"SUCCESS\" > \"${SCRIPT_OUTPUT_FILE_0}\"\n";
			showEnvVarsInLog = 0;
		};
		D40C53E70BE49FEBD058E814 /* [CP] Copy Pods Resources */ = {
			isa = PBXShellScriptBuildPhase;
			buildActionMask = 2147483647;
			files = (
			);
			inputFileListPaths = (
				"${PODS_ROOT}/Target Support Files/Pods-FirebaseImages/Pods-FirebaseImages-resources-${CONFIGURATION}-input-files.xcfilelist",
			);
			name = "[CP] Copy Pods Resources";
			outputFileListPaths = (
				"${PODS_ROOT}/Target Support Files/Pods-FirebaseImages/Pods-FirebaseImages-resources-${CONFIGURATION}-output-files.xcfilelist",
			);
			runOnlyForDeploymentPostprocessing = 0;
			shellPath = /bin/sh;
			shellScript = "\"${PODS_ROOT}/Target Support Files/Pods-FirebaseImages/Pods-FirebaseImages-resources.sh\"\n";
			showEnvVarsInLog = 0;
		};
		E56FFA6C094CAB886C5A3A00 /* [CP] Check Pods Manifest.lock */ = {
			isa = PBXShellScriptBuildPhase;
			buildActionMask = 2147483647;
			files = (
			);
			inputFileListPaths = (
			);
			inputPaths = (
				"${PODS_PODFILE_DIR_PATH}/Podfile.lock",
				"${PODS_ROOT}/Manifest.lock",
			);
			name = "[CP] Check Pods Manifest.lock";
			outputFileListPaths = (
			);
			outputPaths = (
				"$(DERIVED_FILE_DIR)/Pods-FirebaseImagesTests-checkManifestLockResult.txt",
			);
			runOnlyForDeploymentPostprocessing = 0;
			shellPath = /bin/sh;
			shellScript = "diff \"${PODS_PODFILE_DIR_PATH}/Podfile.lock\" \"${PODS_ROOT}/Manifest.lock\" > /dev/null\nif [ $? != 0 ] ; then\n    # print error to STDERR\n    echo \"error: The sandbox is not in sync with the Podfile.lock. Run 'pod install' or update your CocoaPods installation.\" >&2\n    exit 1\nfi\n# This output is used by Xcode 'outputs' to avoid re-running this script phase.\necho \"SUCCESS\" > \"${SCRIPT_OUTPUT_FILE_0}\"\n";
			showEnvVarsInLog = 0;
		};
		E6F096C6B246601FC3D312F0 /* [CP] Check Pods Manifest.lock */ = {
			isa = PBXShellScriptBuildPhase;
			buildActionMask = 2147483647;
			files = (
			);
			inputFileListPaths = (
			);
			inputPaths = (
				"${PODS_PODFILE_DIR_PATH}/Podfile.lock",
				"${PODS_ROOT}/Manifest.lock",
			);
			name = "[CP] Check Pods Manifest.lock";
			outputFileListPaths = (
			);
			outputPaths = (
				"$(DERIVED_FILE_DIR)/Pods-FirebaseImages-checkManifestLockResult.txt",
			);
			runOnlyForDeploymentPostprocessing = 0;
			shellPath = /bin/sh;
			shellScript = "diff \"${PODS_PODFILE_DIR_PATH}/Podfile.lock\" \"${PODS_ROOT}/Manifest.lock\" > /dev/null\nif [ $? != 0 ] ; then\n    # print error to STDERR\n    echo \"error: The sandbox is not in sync with the Podfile.lock. Run 'pod install' or update your CocoaPods installation.\" >&2\n    exit 1\nfi\n# This output is used by Xcode 'outputs' to avoid re-running this script phase.\necho \"SUCCESS\" > \"${SCRIPT_OUTPUT_FILE_0}\"\n";
			showEnvVarsInLog = 0;
		};
/* End PBXShellScriptBuildPhase section */

/* Begin PBXSourcesBuildPhase section */
		7464CC3423E828F2001A6C72 /* Sources */ = {
			isa = PBXSourcesBuildPhase;
			buildActionMask = 2147483647;
			files = (
				7464CC7623E83F0A001A6C72 /* SignInView.swift in Sources */,
				7464CC3C23E828F2001A6C72 /* AppDelegate.swift in Sources */,
				7444439F23F036B7005A8073 /* Coordinator.swift in Sources */,
				7437D53C23EF7CB100ACCF92 /* StoreView.swift in Sources */,
				743C596A23EB9C3D0073D9A5 /* SavedPlaceView.swift in Sources */,
				7444224B23EA56F500EE65B9 /* FirebaseImage.swift in Sources */,
				C0BF4C5A24CE265E00855188 /* ListNearbyView.swift in Sources */,
				74989FB423EAD4550067E60C /* SavedPlace.swift in Sources */,
				7464CC7223E83B2B001A6C72 /* SessionStore.swift in Sources */,
				7464CC3E23E828F2001A6C72 /* SceneDelegate.swift in Sources */,
				7444439B23F032CC005A8073 /* StoreView+handlers.swift in Sources */,
				7444439323F0179C005A8073 /* LocationManager.swift in Sources */,
				743C596C23EBABD50073D9A5 /* MapView.swift in Sources */,
				7437D53A23EF7BB300ACCF92 /* AppView.swift in Sources */,
				7464CC4023E828F2001A6C72 /* ContentView.swift in Sources */,
			);
			runOnlyForDeploymentPostprocessing = 0;
		};
		7464CC4A23E828F4001A6C72 /* Sources */ = {
			isa = PBXSourcesBuildPhase;
			buildActionMask = 2147483647;
			files = (
				7464CC5323E828F4001A6C72 /* FirebaseImagesTests.swift in Sources */,
			);
			runOnlyForDeploymentPostprocessing = 0;
		};
		7464CC5523E828F4001A6C72 /* Sources */ = {
			isa = PBXSourcesBuildPhase;
			buildActionMask = 2147483647;
			files = (
				7464CC5E23E828F4001A6C72 /* FirebaseImagesUITests.swift in Sources */,
			);
			runOnlyForDeploymentPostprocessing = 0;
		};
/* End PBXSourcesBuildPhase section */

/* Begin PBXTargetDependency section */
		7464CC5023E828F4001A6C72 /* PBXTargetDependency */ = {
			isa = PBXTargetDependency;
			target = 7464CC3723E828F2001A6C72 /* FirebaseImages */;
			targetProxy = 7464CC4F23E828F4001A6C72 /* PBXContainerItemProxy */;
		};
		7464CC5B23E828F4001A6C72 /* PBXTargetDependency */ = {
			isa = PBXTargetDependency;
			target = 7464CC3723E828F2001A6C72 /* FirebaseImages */;
			targetProxy = 7464CC5A23E828F4001A6C72 /* PBXContainerItemProxy */;
		};
/* End PBXTargetDependency section */

/* Begin PBXVariantGroup section */
		7464CC4623E828F4001A6C72 /* LaunchScreen.storyboard */ = {
			isa = PBXVariantGroup;
			children = (
				7464CC4723E828F4001A6C72 /* Base */,
			);
			name = LaunchScreen.storyboard;
			sourceTree = "<group>";
		};
/* End PBXVariantGroup section */

/* Begin XCBuildConfiguration section */
		7464CC6023E828F4001A6C72 /* Debug */ = {
			isa = XCBuildConfiguration;
			buildSettings = {
				ALWAYS_SEARCH_USER_PATHS = NO;
				CLANG_ANALYZER_NONNULL = YES;
				CLANG_ANALYZER_NUMBER_OBJECT_CONVERSION = YES_AGGRESSIVE;
				CLANG_CXX_LANGUAGE_STANDARD = "gnu++14";
				CLANG_CXX_LIBRARY = "libc++";
				CLANG_ENABLE_MODULES = YES;
				CLANG_ENABLE_OBJC_ARC = YES;
				CLANG_ENABLE_OBJC_WEAK = YES;
				CLANG_WARN_BLOCK_CAPTURE_AUTORELEASING = YES;
				CLANG_WARN_BOOL_CONVERSION = YES;
				CLANG_WARN_COMMA = YES;
				CLANG_WARN_CONSTANT_CONVERSION = YES;
				CLANG_WARN_DEPRECATED_OBJC_IMPLEMENTATIONS = YES;
				CLANG_WARN_DIRECT_OBJC_ISA_USAGE = YES_ERROR;
				CLANG_WARN_DOCUMENTATION_COMMENTS = YES;
				CLANG_WARN_EMPTY_BODY = YES;
				CLANG_WARN_ENUM_CONVERSION = YES;
				CLANG_WARN_INFINITE_RECURSION = YES;
				CLANG_WARN_INT_CONVERSION = YES;
				CLANG_WARN_NON_LITERAL_NULL_CONVERSION = YES;
				CLANG_WARN_OBJC_IMPLICIT_RETAIN_SELF = YES;
				CLANG_WARN_OBJC_LITERAL_CONVERSION = YES;
				CLANG_WARN_OBJC_ROOT_CLASS = YES_ERROR;
				CLANG_WARN_RANGE_LOOP_ANALYSIS = YES;
				CLANG_WARN_STRICT_PROTOTYPES = YES;
				CLANG_WARN_SUSPICIOUS_MOVE = YES;
				CLANG_WARN_UNGUARDED_AVAILABILITY = YES_AGGRESSIVE;
				CLANG_WARN_UNREACHABLE_CODE = YES;
				CLANG_WARN__DUPLICATE_METHOD_MATCH = YES;
				COPY_PHASE_STRIP = NO;
				DEBUG_INFORMATION_FORMAT = dwarf;
				ENABLE_STRICT_OBJC_MSGSEND = YES;
				ENABLE_TESTABILITY = YES;
				GCC_C_LANGUAGE_STANDARD = gnu11;
				GCC_DYNAMIC_NO_PIC = NO;
				GCC_NO_COMMON_BLOCKS = YES;
				GCC_OPTIMIZATION_LEVEL = 0;
				GCC_PREPROCESSOR_DEFINITIONS = (
					"DEBUG=1",
					"$(inherited)",
				);
				GCC_WARN_64_TO_32_BIT_CONVERSION = YES;
				GCC_WARN_ABOUT_RETURN_TYPE = YES_ERROR;
				GCC_WARN_UNDECLARED_SELECTOR = YES;
				GCC_WARN_UNINITIALIZED_AUTOS = YES_AGGRESSIVE;
				GCC_WARN_UNUSED_FUNCTION = YES;
				GCC_WARN_UNUSED_VARIABLE = YES;
				IPHONEOS_DEPLOYMENT_TARGET = 13.2;
				MTL_ENABLE_DEBUG_INFO = INCLUDE_SOURCE;
				MTL_FAST_MATH = YES;
				ONLY_ACTIVE_ARCH = YES;
				SDKROOT = iphoneos;
				SWIFT_ACTIVE_COMPILATION_CONDITIONS = DEBUG;
				SWIFT_OPTIMIZATION_LEVEL = "-Onone";
			};
			name = Debug;
		};
		7464CC6123E828F4001A6C72 /* Release */ = {
			isa = XCBuildConfiguration;
			buildSettings = {
				ALWAYS_SEARCH_USER_PATHS = NO;
				CLANG_ANALYZER_NONNULL = YES;
				CLANG_ANALYZER_NUMBER_OBJECT_CONVERSION = YES_AGGRESSIVE;
				CLANG_CXX_LANGUAGE_STANDARD = "gnu++14";
				CLANG_CXX_LIBRARY = "libc++";
				CLANG_ENABLE_MODULES = YES;
				CLANG_ENABLE_OBJC_ARC = YES;
				CLANG_ENABLE_OBJC_WEAK = YES;
				CLANG_WARN_BLOCK_CAPTURE_AUTORELEASING = YES;
				CLANG_WARN_BOOL_CONVERSION = YES;
				CLANG_WARN_COMMA = YES;
				CLANG_WARN_CONSTANT_CONVERSION = YES;
				CLANG_WARN_DEPRECATED_OBJC_IMPLEMENTATIONS = YES;
				CLANG_WARN_DIRECT_OBJC_ISA_USAGE = YES_ERROR;
				CLANG_WARN_DOCUMENTATION_COMMENTS = YES;
				CLANG_WARN_EMPTY_BODY = YES;
				CLANG_WARN_ENUM_CONVERSION = YES;
				CLANG_WARN_INFINITE_RECURSION = YES;
				CLANG_WARN_INT_CONVERSION = YES;
				CLANG_WARN_NON_LITERAL_NULL_CONVERSION = YES;
				CLANG_WARN_OBJC_IMPLICIT_RETAIN_SELF = YES;
				CLANG_WARN_OBJC_LITERAL_CONVERSION = YES;
				CLANG_WARN_OBJC_ROOT_CLASS = YES_ERROR;
				CLANG_WARN_RANGE_LOOP_ANALYSIS = YES;
				CLANG_WARN_STRICT_PROTOTYPES = YES;
				CLANG_WARN_SUSPICIOUS_MOVE = YES;
				CLANG_WARN_UNGUARDED_AVAILABILITY = YES_AGGRESSIVE;
				CLANG_WARN_UNREACHABLE_CODE = YES;
				CLANG_WARN__DUPLICATE_METHOD_MATCH = YES;
				COPY_PHASE_STRIP = NO;
				DEBUG_INFORMATION_FORMAT = "dwarf-with-dsym";
				ENABLE_NS_ASSERTIONS = NO;
				ENABLE_STRICT_OBJC_MSGSEND = YES;
				GCC_C_LANGUAGE_STANDARD = gnu11;
				GCC_NO_COMMON_BLOCKS = YES;
				GCC_WARN_64_TO_32_BIT_CONVERSION = YES;
				GCC_WARN_ABOUT_RETURN_TYPE = YES_ERROR;
				GCC_WARN_UNDECLARED_SELECTOR = YES;
				GCC_WARN_UNINITIALIZED_AUTOS = YES_AGGRESSIVE;
				GCC_WARN_UNUSED_FUNCTION = YES;
				GCC_WARN_UNUSED_VARIABLE = YES;
				IPHONEOS_DEPLOYMENT_TARGET = 13.2;
				MTL_ENABLE_DEBUG_INFO = NO;
				MTL_FAST_MATH = YES;
				SDKROOT = iphoneos;
				SWIFT_COMPILATION_MODE = wholemodule;
				SWIFT_OPTIMIZATION_LEVEL = "-O";
				VALIDATE_PRODUCT = YES;
			};
			name = Release;
		};
		7464CC6323E828F4001A6C72 /* Debug */ = {
			isa = XCBuildConfiguration;
			baseConfigurationReference = 404C490A9573B4758AB505FC /* Pods-FirebaseImages.debug.xcconfig */;
			buildSettings = {
				ASSETCATALOG_COMPILER_APPICON_NAME = AppIcon;
				CODE_SIGN_STYLE = Automatic;
				DEVELOPMENT_ASSET_PATHS = "\"FirebaseImages/Preview Content\"";
				DEVELOPMENT_TEAM = 8Z65U658FX;
				ENABLE_PREVIEWS = YES;
				INFOPLIST_FILE = FirebaseImages/Info.plist;
				IPHONEOS_DEPLOYMENT_TARGET = 13.2;
				LD_RUNPATH_SEARCH_PATHS = (
					"$(inherited)",
					"@executable_path/Frameworks",
				);
				PRODUCT_BUNDLE_IDENTIFIER = com.thow.FirebaseImages;
				PRODUCT_NAME = MyLocation;
				SWIFT_VERSION = 5.0;
				TARGETED_DEVICE_FAMILY = "1,2";
			};
			name = Debug;
		};
		7464CC6423E828F4001A6C72 /* Release */ = {
			isa = XCBuildConfiguration;
			baseConfigurationReference = 34C3C44D7C265917D7AAF2C8 /* Pods-FirebaseImages.release.xcconfig */;
			buildSettings = {
				ASSETCATALOG_COMPILER_APPICON_NAME = AppIcon;
				CODE_SIGN_STYLE = Automatic;
				DEVELOPMENT_ASSET_PATHS = "\"FirebaseImages/Preview Content\"";
				DEVELOPMENT_TEAM = 8Z65U658FX;
				ENABLE_PREVIEWS = YES;
				INFOPLIST_FILE = FirebaseImages/Info.plist;
				IPHONEOS_DEPLOYMENT_TARGET = 13.2;
				LD_RUNPATH_SEARCH_PATHS = (
					"$(inherited)",
					"@executable_path/Frameworks",
				);
				PRODUCT_BUNDLE_IDENTIFIER = com.thow.FirebaseImages;
				PRODUCT_NAME = MyLocation;
				SWIFT_VERSION = 5.0;
				TARGETED_DEVICE_FAMILY = "1,2";
			};
			name = Release;
		};
		7464CC6623E828F4001A6C72 /* Debug */ = {
			isa = XCBuildConfiguration;
			baseConfigurationReference = 5B13B3EEC10EFA9CEA390E20 /* Pods-FirebaseImagesTests.debug.xcconfig */;
			buildSettings = {
				ALWAYS_EMBED_SWIFT_STANDARD_LIBRARIES = YES;
				BUNDLE_LOADER = "$(TEST_HOST)";
				CODE_SIGN_STYLE = Automatic;
				DEVELOPMENT_TEAM = 8Z65U658FX;
				INFOPLIST_FILE = FirebaseImagesTests/Info.plist;
				IPHONEOS_DEPLOYMENT_TARGET = 13.2;
				LD_RUNPATH_SEARCH_PATHS = (
					"$(inherited)",
					"@executable_path/Frameworks",
					"@loader_path/Frameworks",
				);
				PRODUCT_BUNDLE_IDENTIFIER = com.thow.FirebaseImagesTests;
				PRODUCT_NAME = "$(TARGET_NAME)";
				SWIFT_VERSION = 5.0;
				TARGETED_DEVICE_FAMILY = "1,2";
				TEST_HOST = "$(BUILT_PRODUCTS_DIR)/FirebaseImages.app/FirebaseImages";
			};
			name = Debug;
		};
		7464CC6723E828F4001A6C72 /* Release */ = {
			isa = XCBuildConfiguration;
			baseConfigurationReference = 9BE37F63A8A7975025CFAED6 /* Pods-FirebaseImagesTests.release.xcconfig */;
			buildSettings = {
				ALWAYS_EMBED_SWIFT_STANDARD_LIBRARIES = YES;
				BUNDLE_LOADER = "$(TEST_HOST)";
				CODE_SIGN_STYLE = Automatic;
				DEVELOPMENT_TEAM = 8Z65U658FX;
				INFOPLIST_FILE = FirebaseImagesTests/Info.plist;
				IPHONEOS_DEPLOYMENT_TARGET = 13.2;
				LD_RUNPATH_SEARCH_PATHS = (
					"$(inherited)",
					"@executable_path/Frameworks",
					"@loader_path/Frameworks",
				);
				PRODUCT_BUNDLE_IDENTIFIER = com.thow.FirebaseImagesTests;
				PRODUCT_NAME = "$(TARGET_NAME)";
				SWIFT_VERSION = 5.0;
				TARGETED_DEVICE_FAMILY = "1,2";
				TEST_HOST = "$(BUILT_PRODUCTS_DIR)/FirebaseImages.app/FirebaseImages";
			};
			name = Release;
		};
		7464CC6923E828F4001A6C72 /* Debug */ = {
			isa = XCBuildConfiguration;
			baseConfigurationReference = 370543421D978152C1AFE0C5 /* Pods-FirebaseImages-FirebaseImagesUITests.debug.xcconfig */;
			buildSettings = {
				ALWAYS_EMBED_SWIFT_STANDARD_LIBRARIES = YES;
				CODE_SIGN_STYLE = Automatic;
				DEVELOPMENT_TEAM = 8Z65U658FX;
				INFOPLIST_FILE = FirebaseImagesUITests/Info.plist;
				LD_RUNPATH_SEARCH_PATHS = (
					"$(inherited)",
					"@executable_path/Frameworks",
					"@loader_path/Frameworks",
				);
				PRODUCT_BUNDLE_IDENTIFIER = com.thow.FirebaseImagesUITests;
				PRODUCT_NAME = "$(TARGET_NAME)";
				SWIFT_VERSION = 5.0;
				TARGETED_DEVICE_FAMILY = "1,2";
				TEST_TARGET_NAME = FirebaseImages;
			};
			name = Debug;
		};
		7464CC6A23E828F4001A6C72 /* Release */ = {
			isa = XCBuildConfiguration;
			baseConfigurationReference = 914DD7D818DF4A5F38AAC87E /* Pods-FirebaseImages-FirebaseImagesUITests.release.xcconfig */;
			buildSettings = {
				ALWAYS_EMBED_SWIFT_STANDARD_LIBRARIES = YES;
				CODE_SIGN_STYLE = Automatic;
				DEVELOPMENT_TEAM = 8Z65U658FX;
				INFOPLIST_FILE = FirebaseImagesUITests/Info.plist;
				LD_RUNPATH_SEARCH_PATHS = (
					"$(inherited)",
					"@executable_path/Frameworks",
					"@loader_path/Frameworks",
				);
				PRODUCT_BUNDLE_IDENTIFIER = com.thow.FirebaseImagesUITests;
				PRODUCT_NAME = "$(TARGET_NAME)";
				SWIFT_VERSION = 5.0;
				TARGETED_DEVICE_FAMILY = "1,2";
				TEST_TARGET_NAME = FirebaseImages;
			};
			name = Release;
		};
/* End XCBuildConfiguration section */

/* Begin XCConfigurationList section */
		7464CC3323E828F2001A6C72 /* Build configuration list for PBXProject "FirebaseImages" */ = {
			isa = XCConfigurationList;
			buildConfigurations = (
				7464CC6023E828F4001A6C72 /* Debug */,
				7464CC6123E828F4001A6C72 /* Release */,
			);
			defaultConfigurationIsVisible = 0;
			defaultConfigurationName = Release;
		};
		7464CC6223E828F4001A6C72 /* Build configuration list for PBXNativeTarget "FirebaseImages" */ = {
			isa = XCConfigurationList;
			buildConfigurations = (
				7464CC6323E828F4001A6C72 /* Debug */,
				7464CC6423E828F4001A6C72 /* Release */,
			);
			defaultConfigurationIsVisible = 0;
			defaultConfigurationName = Release;
		};
		7464CC6523E828F4001A6C72 /* Build configuration list for PBXNativeTarget "FirebaseImagesTests" */ = {
			isa = XCConfigurationList;
			buildConfigurations = (
				7464CC6623E828F4001A6C72 /* Debug */,
				7464CC6723E828F4001A6C72 /* Release */,
			);
			defaultConfigurationIsVisible = 0;
			defaultConfigurationName = Release;
		};
		7464CC6823E828F4001A6C72 /* Build configuration list for PBXNativeTarget "FirebaseImagesUITests" */ = {
			isa = XCConfigurationList;
			buildConfigurations = (
				7464CC6923E828F4001A6C72 /* Debug */,
				7464CC6A23E828F4001A6C72 /* Release */,
			);
			defaultConfigurationIsVisible = 0;
			defaultConfigurationName = Release;
		};
/* End XCConfigurationList section */
	};
	rootObject = 7464CC3023E828F2001A6C72 /* Project object */;
}
